
Microsoft Visual Studio Solution File, Format Version 12.00
# Visual Studio Version 16
VisualStudioVersion = 16.0.31829.152
MinimumVisualStudioVersion = 10.0.40219.1
Project("{FAE04EC0-301F-11D3-BF4B-00C04F79EFBC}") = "CS_Investissement", "CS_Investissement.csproj", "{26A1DD29-5442-49D0-95B0-9B905ABD23D9}"
EndProject
Global
	GlobalSection(SolutionConfigurationPlatforms) = preSolution
		Debug|Any CPU = Debug|Any CPU
		Release|Any CPU = Release|Any CPU
	EndGlobalSection
	GlobalSection(ProjectConfigurationPlatforms) = postSolution
		{26A1DD29-5442-49D0-95B0-9B905ABD23D9}.Debug|Any CPU.ActiveCfg = Debug|Any CPU
		{26A1DD29-5442-49D0-95B0-9B905ABD23D9}.Debug|Any CPU.Build.0 = Debug|Any CPU
		{26A1DD29-5442-49D0-95B0-9B905ABD23D9}.Release|Any CPU.ActiveCfg = Release|Any CPU
		{26A1DD29-5442-49D0-95B0-9B905ABD23D9}.Release|Any CPU.Build.0 = Release|Any CPU
	EndGlobalSection
	GlobalSection(SolutionProperties) = preSolution
		HideSolutionNode = FALSE
	EndGlobalSection
	GlobalSection(ExtensibilityGlobals) = postSolution
		SolutionGuid = {11CAB522-9128-44C4-AFE4-95207C03FE60}
	EndGlobalSection
EndGlobal
